// !$*UTF8*$!
{
	archiveVersion = 1;
	classes = {
	};
	objectVersion = 50;
	objects = {

/* Begin PBXBuildFile section */
		85E4F67325D2990C0002F051 /* AppDelegate.swift in Sources */ = {isa = PBXBuildFile; fileRef = 85E4F67225D2990C0002F051 /* AppDelegate.swift */; };
		85E4F67525D2990C0002F051 /* SceneDelegate.swift in Sources */ = {isa = PBXBuildFile; fileRef = 85E4F67425D2990C0002F051 /* SceneDelegate.swift */; };
		85E4F67C25D2990E0002F051 /* Assets.xcassets in Resources */ = {isa = PBXBuildFile; fileRef = 85E4F67B25D2990E0002F051 /* Assets.xcassets */; };
		85E4F67F25D2990E0002F051 /* LaunchScreen.storyboard in Resources */ = {isa = PBXBuildFile; fileRef = 85E4F67D25D2990E0002F051 /* LaunchScreen.storyboard */; };
		85E4F68A25D2990F0002F051 /* TRShopTests.swift in Sources */ = {isa = PBXBuildFile; fileRef = 85E4F68925D2990F0002F051 /* TRShopTests.swift */; };
		85E4F69525D2990F0002F051 /* TRShopUITests.swift in Sources */ = {isa = PBXBuildFile; fileRef = 85E4F69425D2990F0002F051 /* TRShopUITests.swift */; };
/* End PBXBuildFile section */

/* Begin PBXContainerItemProxy section */
		85E4F68625D2990F0002F051 /* PBXContainerItemProxy */ = {
			isa = PBXContainerItemProxy;
			containerPortal = 85E4F66725D2990C0002F051 /* Project object */;
			proxyType = 1;
			remoteGlobalIDString = 85E4F66E25D2990C0002F051;
			remoteInfo = TRShop;
		};
		85E4F69125D2990F0002F051 /* PBXContainerItemProxy */ = {
			isa = PBXContainerItemProxy;
			containerPortal = 85E4F66725D2990C0002F051 /* Project object */;
			proxyType = 1;
			remoteGlobalIDString = 85E4F66E25D2990C0002F051;
			remoteInfo = TRShop;
		};
/* End PBXContainerItemProxy section */

/* Begin PBXFileReference section */
		85E4F66F25D2990C0002F051 /* TRShop.app */ = {isa = PBXFileReference; explicitFileType = wrapper.application; includeInIndex = 0; path = TRShop.app; sourceTree = BUILT_PRODUCTS_DIR; };
		85E4F67225D2990C0002F051 /* AppDelegate.swift */ = {isa = PBXFileReference; lastKnownFileType = sourcecode.swift; path = AppDelegate.swift; sourceTree = "<group>"; };
		85E4F67425D2990C0002F051 /* SceneDelegate.swift */ = {isa = PBXFileReference; lastKnownFileType = sourcecode.swift; path = SceneDelegate.swift; sourceTree = "<group>"; };
		85E4F67B25D2990E0002F051 /* Assets.xcassets */ = {isa = PBXFileReference; lastKnownFileType = folder.assetcatalog; path = Assets.xcassets; sourceTree = "<group>"; };
		85E4F67E25D2990E0002F051 /* Base */ = {isa = PBXFileReference; lastKnownFileType = file.storyboard; name = Base; path = Base.lproj/LaunchScreen.storyboard; sourceTree = "<group>"; };
		85E4F68025D2990E0002F051 /* Info.plist */ = {isa = PBXFileReference; lastKnownFileType = text.plist.xml; path = Info.plist; sourceTree = "<group>"; };
		85E4F68525D2990E0002F051 /* TRShopTests.xctest */ = {isa = PBXFileReference; explicitFileType = wrapper.cfbundle; includeInIndex = 0; path = TRShopTests.xctest; sourceTree = BUILT_PRODUCTS_DIR; };
		85E4F68925D2990F0002F051 /* TRShopTests.swift */ = {isa = PBXFileReference; lastKnownFileType = sourcecode.swift; path = TRShopTests.swift; sourceTree = "<group>"; };
		85E4F68B25D2990F0002F051 /* Info.plist */ = {isa = PBXFileReference; lastKnownFileType = text.plist.xml; path = Info.plist; sourceTree = "<group>"; };
		85E4F69025D2990F0002F051 /* TRShopUITests.xctest */ = {isa = PBXFileReference; explicitFileType = wrapper.cfbundle; includeInIndex = 0; path = TRShopUITests.xctest; sourceTree = BUILT_PRODUCTS_DIR; };
		85E4F69425D2990F0002F051 /* TRShopUITests.swift */ = {isa = PBXFileReference; lastKnownFileType = sourcecode.swift; path = TRShopUITests.swift; sourceTree = "<group>"; };
		85E4F69625D2990F0002F051 /* Info.plist */ = {isa = PBXFileReference; lastKnownFileType = text.plist.xml; path = Info.plist; sourceTree = "<group>"; };
/* End PBXFileReference section */

/* Begin PBXFrameworksBuildPhase section */
		85E4F66C25D2990C0002F051 /* Frameworks */ = {
			isa = PBXFrameworksBuildPhase;
			buildActionMask = 2147483647;
			files = (
			);
			runOnlyForDeploymentPostprocessing = 0;
		};
		85E4F68225D2990E0002F051 /* Frameworks */ = {
			isa = PBXFrameworksBuildPhase;
			buildActionMask = 2147483647;
			files = (
			);
			runOnlyForDeploymentPostprocessing = 0;
		};
		85E4F68D25D2990F0002F051 /* Frameworks */ = {
			isa = PBXFrameworksBuildPhase;
			buildActionMask = 2147483647;
			files = (
			);
			runOnlyForDeploymentPostprocessing = 0;
		};
/* End PBXFrameworksBuildPhase section */

/* Begin PBXGroup section */
		85E4F66625D2990C0002F051 = {
			isa = PBXGroup;
			children = (
				85E4F67125D2990C0002F051 /* TRShop */,
				85E4F68825D2990F0002F051 /* TRShopTests */,
				85E4F69325D2990F0002F051 /* TRShopUITests */,
				85E4F67025D2990C0002F051 /* Products */,
			);
			sourceTree = "<group>";
		};
		85E4F67025D2990C0002F051 /* Products */ = {
			isa = PBXGroup;
			children = (
				85E4F66F25D2990C0002F051 /* TRShop.app */,
				85E4F68525D2990E0002F051 /* TRShopTests.xctest */,
				85E4F69025D2990F0002F051 /* TRShopUITests.xctest */,
			);
			name = Products;
			sourceTree = "<group>";
		};
		85E4F67125D2990C0002F051 /* TRShop */ = {
			isa = PBXGroup;
			children = (
				85E4F6AC25D2AC810002F051 /* Environments */,
				85E4F6AB25D2AC6F0002F051 /* Resources */,
				85E4F6AA25D2AC620002F051 /* Core */,
				85E4F6A525D2AC190002F051 /* App */,
			);
			path = TRShop;
			sourceTree = "<group>";
		};
		85E4F68825D2990F0002F051 /* TRShopTests */ = {
			isa = PBXGroup;
			children = (
				85E4F68925D2990F0002F051 /* TRShopTests.swift */,
				85E4F68B25D2990F0002F051 /* Info.plist */,
			);
			path = TRShopTests;
			sourceTree = "<group>";
		};
		85E4F69325D2990F0002F051 /* TRShopUITests */ = {
			isa = PBXGroup;
			children = (
				85E4F69425D2990F0002F051 /* TRShopUITests.swift */,
				85E4F69625D2990F0002F051 /* Info.plist */,
			);
			path = TRShopUITests;
			sourceTree = "<group>";
		};
		85E4F6A525D2AC190002F051 /* App */ = {
			isa = PBXGroup;
			children = (
				85E4F67225D2990C0002F051 /* AppDelegate.swift */,
				85E4F67425D2990C0002F051 /* SceneDelegate.swift */,
				85E4F6A925D2AC550002F051 /* Flows */,
				85E4F6A825D2AC420002F051 /* Assembly */,
				85E4F6A725D2AC320002F051 /* Entity */,
				85E4F6A625D2AC220002F051 /* BusinessLogic */,
			);
			path = App;
			sourceTree = "<group>";
		};
		85E4F6A625D2AC220002F051 /* BusinessLogic */ = {
			isa = PBXGroup;
			children = (
			);
			path = BusinessLogic;
			sourceTree = "<group>";
		};
		85E4F6A725D2AC320002F051 /* Entity */ = {
			isa = PBXGroup;
			children = (
			);
			path = Entity;
			sourceTree = "<group>";
		};
		85E4F6A825D2AC420002F051 /* Assembly */ = {
			isa = PBXGroup;
			children = (
			);
			path = Assembly;
			sourceTree = "<group>";
		};
		85E4F6A925D2AC550002F051 /* Flows */ = {
			isa = PBXGroup;
			children = (
			);
			path = Flows;
			sourceTree = "<group>";
		};
		85E4F6AA25D2AC620002F051 /* Core */ = {
			isa = PBXGroup;
			children = (
			);
			path = Core;
			sourceTree = "<group>";
		};
		85E4F6AB25D2AC6F0002F051 /* Resources */ = {
			isa = PBXGroup;
			children = (
				85E4F67B25D2990E0002F051 /* Assets.xcassets */,
				85E4F67D25D2990E0002F051 /* LaunchScreen.storyboard */,
			);
			path = Resources;
			sourceTree = "<group>";
		};
		85E4F6AC25D2AC810002F051 /* Environments */ = {
			isa = PBXGroup;
			children = (
				85E4F68025D2990E0002F051 /* Info.plist */,
			);
			path = Environments;
			sourceTree = "<group>";
		};
/* End PBXGroup section */

/* Begin PBXNativeTarget section */
		85E4F66E25D2990C0002F051 /* TRShop */ = {
			isa = PBXNativeTarget;
			buildConfigurationList = 85E4F69925D2990F0002F051 /* Build configuration list for PBXNativeTarget "TRShop" */;
			buildPhases = (
				85E4F66B25D2990C0002F051 /* Sources */,
				85E4F66C25D2990C0002F051 /* Frameworks */,
				85E4F66D25D2990C0002F051 /* Resources */,
			);
			buildRules = (
			);
			dependencies = (
			);
			name = TRShop;
			productName = TRShop;
			productReference = 85E4F66F25D2990C0002F051 /* TRShop.app */;
			productType = "com.apple.product-type.application";
		};
		85E4F68425D2990E0002F051 /* TRShopTests */ = {
			isa = PBXNativeTarget;
			buildConfigurationList = 85E4F69C25D2990F0002F051 /* Build configuration list for PBXNativeTarget "TRShopTests" */;
			buildPhases = (
				85E4F68125D2990E0002F051 /* Sources */,
				85E4F68225D2990E0002F051 /* Frameworks */,
				85E4F68325D2990E0002F051 /* Resources */,
			);
			buildRules = (
			);
			dependencies = (
				85E4F68725D2990F0002F051 /* PBXTargetDependency */,
			);
			name = TRShopTests;
			productName = TRShopTests;
			productReference = 85E4F68525D2990E0002F051 /* TRShopTests.xctest */;
			productType = "com.apple.product-type.bundle.unit-test";
		};
		85E4F68F25D2990F0002F051 /* TRShopUITests */ = {
			isa = PBXNativeTarget;
			buildConfigurationList = 85E4F69F25D2990F0002F051 /* Build configuration list for PBXNativeTarget "TRShopUITests" */;
			buildPhases = (
				85E4F68C25D2990F0002F051 /* Sources */,
				85E4F68D25D2990F0002F051 /* Frameworks */,
				85E4F68E25D2990F0002F051 /* Resources */,
			);
			buildRules = (
			);
			dependencies = (
				85E4F69225D2990F0002F051 /* PBXTargetDependency */,
			);
			name = TRShopUITests;
			productName = TRShopUITests;
			productReference = 85E4F69025D2990F0002F051 /* TRShopUITests.xctest */;
			productType = "com.apple.product-type.bundle.ui-testing";
		};
/* End PBXNativeTarget section */

/* Begin PBXProject section */
		85E4F66725D2990C0002F051 /* Project object */ = {
			isa = PBXProject;
			attributes = {
				LastSwiftUpdateCheck = 1240;
				LastUpgradeCheck = 1240;
				TargetAttributes = {
					85E4F66E25D2990C0002F051 = {
						CreatedOnToolsVersion = 12.4;
					};
					85E4F68425D2990E0002F051 = {
						CreatedOnToolsVersion = 12.4;
						TestTargetID = 85E4F66E25D2990C0002F051;
					};
					85E4F68F25D2990F0002F051 = {
						CreatedOnToolsVersion = 12.4;
						TestTargetID = 85E4F66E25D2990C0002F051;
					};
				};
			};
			buildConfigurationList = 85E4F66A25D2990C0002F051 /* Build configuration list for PBXProject "TRShop" */;
			compatibilityVersion = "Xcode 9.3";
			developmentRegion = en;
			hasScannedForEncodings = 0;
			knownRegions = (
				en,
				Base,
			);
			mainGroup = 85E4F66625D2990C0002F051;
			productRefGroup = 85E4F67025D2990C0002F051 /* Products */;
			projectDirPath = "";
			projectRoot = "";
			targets = (
				85E4F66E25D2990C0002F051 /* TRShop */,
				85E4F68425D2990E0002F051 /* TRShopTests */,
				85E4F68F25D2990F0002F051 /* TRShopUITests */,
			);
		};
/* End PBXProject section */

/* Begin PBXResourcesBuildPhase section */
		85E4F66D25D2990C0002F051 /* Resources */ = {
			isa = PBXResourcesBuildPhase;
			buildActionMask = 2147483647;
			files = (
				85E4F67F25D2990E0002F051 /* LaunchScreen.storyboard in Resources */,
				85E4F67C25D2990E0002F051 /* Assets.xcassets in Resources */,
			);
			runOnlyForDeploymentPostprocessing = 0;
		};
		85E4F68325D2990E0002F051 /* Resources */ = {
			isa = PBXResourcesBuildPhase;
			buildActionMask = 2147483647;
			files = (
			);
			runOnlyForDeploymentPostprocessing = 0;
		};
		85E4F68E25D2990F0002F051 /* Resources */ = {
			isa = PBXResourcesBuildPhase;
			buildActionMask = 2147483647;
			files = (
			);
			runOnlyForDeploymentPostprocessing = 0;
		};
/* End PBXResourcesBuildPhase section */

/* Begin PBXSourcesBuildPhase section */
		85E4F66B25D2990C0002F051 /* Sources */ = {
			isa = PBXSourcesBuildPhase;
			buildActionMask = 2147483647;
			files = (
				85E4F67325D2990C0002F051 /* AppDelegate.swift in Sources */,
				85E4F67525D2990C0002F051 /* SceneDelegate.swift in Sources */,
			);
			runOnlyForDeploymentPostprocessing = 0;
		};
		85E4F68125D2990E0002F051 /* Sources */ = {
			isa = PBXSourcesBuildPhase;
			buildActionMask = 2147483647;
			files = (
				85E4F68A25D2990F0002F051 /* TRShopTests.swift in Sources */,
			);
			runOnlyForDeploymentPostprocessing = 0;
		};
		85E4F68C25D2990F0002F051 /* Sources */ = {
			isa = PBXSourcesBuildPhase;
			buildActionMask = 2147483647;
			files = (
				85E4F69525D2990F0002F051 /* TRShopUITests.swift in Sources */,
			);
			runOnlyForDeploymentPostprocessing = 0;
		};
/* End PBXSourcesBuildPhase section */

/* Begin PBXTargetDependency section */
		85E4F68725D2990F0002F051 /* PBXTargetDependency */ = {
			isa = PBXTargetDependency;
			target = 85E4F66E25D2990C0002F051 /* TRShop */;
			targetProxy = 85E4F68625D2990F0002F051 /* PBXContainerItemProxy */;
		};
		85E4F69225D2990F0002F051 /* PBXTargetDependency */ = {
			isa = PBXTargetDependency;
			target = 85E4F66E25D2990C0002F051 /* TRShop */;
			targetProxy = 85E4F69125D2990F0002F051 /* PBXContainerItemProxy */;
		};
/* End PBXTargetDependency section */

/* Begin PBXVariantGroup section */
		85E4F67D25D2990E0002F051 /* LaunchScreen.storyboard */ = {
			isa = PBXVariantGroup;
			children = (
				85E4F67E25D2990E0002F051 /* Base */,
			);
			name = LaunchScreen.storyboard;
			sourceTree = "<group>";
		};
/* End PBXVariantGroup section */

/* Begin XCBuildConfiguration section */
		85E4F69725D2990F0002F051 /* Debug */ = {
			isa = XCBuildConfiguration;
			buildSettings = {
				ALWAYS_SEARCH_USER_PATHS = NO;
				CLANG_ANALYZER_NONNULL = YES;
				CLANG_ANALYZER_NUMBER_OBJECT_CONVERSION = YES_AGGRESSIVE;
				CLANG_CXX_LANGUAGE_STANDARD = "gnu++14";
				CLANG_CXX_LIBRARY = "libc++";
				CLANG_ENABLE_MODULES = YES;
				CLANG_ENABLE_OBJC_ARC = YES;
				CLANG_ENABLE_OBJC_WEAK = YES;
				CLANG_WARN_BLOCK_CAPTURE_AUTORELEASING = YES;
				CLANG_WARN_BOOL_CONVERSION = YES;
				CLANG_WARN_COMMA = YES;
				CLANG_WARN_CONSTANT_CONVERSION = YES;
				CLANG_WARN_DEPRECATED_OBJC_IMPLEMENTATIONS = YES;
				CLANG_WARN_DIRECT_OBJC_ISA_USAGE = YES_ERROR;
				CLANG_WARN_DOCUMENTATION_COMMENTS = YES;
				CLANG_WARN_EMPTY_BODY = YES;
				CLANG_WARN_ENUM_CONVERSION = YES;
				CLANG_WARN_INFINITE_RECURSION = YES;
				CLANG_WARN_INT_CONVERSION = YES;
				CLANG_WARN_NON_LITERAL_NULL_CONVERSION = YES;
				CLANG_WARN_OBJC_IMPLICIT_RETAIN_SELF = YES;
				CLANG_WARN_OBJC_LITERAL_CONVERSION = YES;
				CLANG_WARN_OBJC_ROOT_CLASS = YES_ERROR;
				CLANG_WARN_QUOTED_INCLUDE_IN_FRAMEWORK_HEADER = YES;
				CLANG_WARN_RANGE_LOOP_ANALYSIS = YES;
				CLANG_WARN_STRICT_PROTOTYPES = YES;
				CLANG_WARN_SUSPICIOUS_MOVE = YES;
				CLANG_WARN_UNGUARDED_AVAILABILITY = YES_AGGRESSIVE;
				CLANG_WARN_UNREACHABLE_CODE = YES;
				CLANG_WARN__DUPLICATE_METHOD_MATCH = YES;
				COPY_PHASE_STRIP = NO;
				DEBUG_INFORMATION_FORMAT = dwarf;
				ENABLE_STRICT_OBJC_MSGSEND = YES;
				ENABLE_TESTABILITY = YES;
				GCC_C_LANGUAGE_STANDARD = gnu11;
				GCC_DYNAMIC_NO_PIC = NO;
				GCC_NO_COMMON_BLOCKS = YES;
				GCC_OPTIMIZATION_LEVEL = 0;
				GCC_PREPROCESSOR_DEFINITIONS = (
					"DEBUG=1",
					"$(inherited)",
				);
				GCC_WARN_64_TO_32_BIT_CONVERSION = YES;
				GCC_WARN_ABOUT_RETURN_TYPE = YES_ERROR;
				GCC_WARN_UNDECLARED_SELECTOR = YES;
				GCC_WARN_UNINITIALIZED_AUTOS = YES_AGGRESSIVE;
				GCC_WARN_UNUSED_FUNCTION = YES;
				GCC_WARN_UNUSED_VARIABLE = YES;
				IPHONEOS_DEPLOYMENT_TARGET = 14.4;
				MTL_ENABLE_DEBUG_INFO = INCLUDE_SOURCE;
				MTL_FAST_MATH = YES;
				ONLY_ACTIVE_ARCH = YES;
				SDKROOT = iphoneos;
				SWIFT_ACTIVE_COMPILATION_CONDITIONS = DEBUG;
				SWIFT_OPTIMIZATION_LEVEL = "-Onone";
			};
			name = Debug;
		};
		85E4F69825D2990F0002F051 /* Release */ = {
			isa = XCBuildConfiguration;
			buildSettings = {
				ALWAYS_SEARCH_USER_PATHS = NO;
				CLANG_ANALYZER_NONNULL = YES;
				CLANG_ANALYZER_NUMBER_OBJECT_CONVERSION = YES_AGGRESSIVE;
				CLANG_CXX_LANGUAGE_STANDARD = "gnu++14";
				CLANG_CXX_LIBRARY = "libc++";
				CLANG_ENABLE_MODULES = YES;
				CLANG_ENABLE_OBJC_ARC = YES;
				CLANG_ENABLE_OBJC_WEAK = YES;
				CLANG_WARN_BLOCK_CAPTURE_AUTORELEASING = YES;
				CLANG_WARN_BOOL_CONVERSION = YES;
				CLANG_WARN_COMMA = YES;
				CLANG_WARN_CONSTANT_CONVERSION = YES;
				CLANG_WARN_DEPRECATED_OBJC_IMPLEMENTATIONS = YES;
				CLANG_WARN_DIRECT_OBJC_ISA_USAGE = YES_ERROR;
				CLANG_WARN_DOCUMENTATION_COMMENTS = YES;
				CLANG_WARN_EMPTY_BODY = YES;
				CLANG_WARN_ENUM_CONVERSION = YES;
				CLANG_WARN_INFINITE_RECURSION = YES;
				CLANG_WARN_INT_CONVERSION = YES;
				CLANG_WARN_NON_LITERAL_NULL_CONVERSION = YES;
				CLANG_WARN_OBJC_IMPLICIT_RETAIN_SELF = YES;
				CLANG_WARN_OBJC_LITERAL_CONVERSION = YES;
				CLANG_WARN_OBJC_ROOT_CLASS = YES_ERROR;
				CLANG_WARN_QUOTED_INCLUDE_IN_FRAMEWORK_HEADER = YES;
				CLANG_WARN_RANGE_LOOP_ANALYSIS = YES;
				CLANG_WARN_STRICT_PROTOTYPES = YES;
				CLANG_WARN_SUSPICIOUS_MOVE = YES;
				CLANG_WARN_UNGUARDED_AVAILABILITY = YES_AGGRESSIVE;
				CLANG_WARN_UNREACHABLE_CODE = YES;
				CLANG_WARN__DUPLICATE_METHOD_MATCH = YES;
				COPY_PHASE_STRIP = NO;
				DEBUG_INFORMATION_FORMAT = "dwarf-with-dsym";
				ENABLE_NS_ASSERTIONS = NO;
				ENABLE_STRICT_OBJC_MSGSEND = YES;
				GCC_C_LANGUAGE_STANDARD = gnu11;
				GCC_NO_COMMON_BLOCKS = YES;
				GCC_WARN_64_TO_32_BIT_CONVERSION = YES;
				GCC_WARN_ABOUT_RETURN_TYPE = YES_ERROR;
				GCC_WARN_UNDECLARED_SELECTOR = YES;
				GCC_WARN_UNINITIALIZED_AUTOS = YES_AGGRESSIVE;
				GCC_WARN_UNUSED_FUNCTION = YES;
				GCC_WARN_UNUSED_VARIABLE = YES;
				IPHONEOS_DEPLOYMENT_TARGET = 14.4;
				MTL_ENABLE_DEBUG_INFO = NO;
				MTL_FAST_MATH = YES;
				SDKROOT = iphoneos;
				SWIFT_COMPILATION_MODE = wholemodule;
				SWIFT_OPTIMIZATION_LEVEL = "-O";
				VALIDATE_PRODUCT = YES;
			};
			name = Release;
		};
		85E4F69A25D2990F0002F051 /* Debug */ = {
			isa = XCBuildConfiguration;
			buildSettings = {
				ASSETCATALOG_COMPILER_APPICON_NAME = AppIcon;
				ASSETCATALOG_COMPILER_GLOBAL_ACCENT_COLOR_NAME = AccentColor;
				CODE_SIGN_STYLE = Automatic;
				DEVELOPMENT_TEAM = G2W9A8YDWD;
				INFOPLIST_FILE = TRShop/Environments/Info.plist;
				LD_RUNPATH_SEARCH_PATHS = (
					"$(inherited)",
					"@executable_path/Frameworks",
				);
				PRODUCT_BUNDLE_IDENTIFIER = com.nbsafin.TRShop;
				PRODUCT_NAME = "$(TARGET_NAME)";
				SWIFT_VERSION = 5.0;
				TARGETED_DEVICE_FAMILY = "1,2";
			};
			name = Debug;
		};
		85E4F69B25D2990F0002F051 /* Release */ = {
			isa = XCBuildConfiguration;
			buildSettings = {
				ASSETCATALOG_COMPILER_APPICON_NAME = AppIcon;
				ASSETCATALOG_COMPILER_GLOBAL_ACCENT_COLOR_NAME = AccentColor;
				CODE_SIGN_STYLE = Automatic;
				DEVELOPMENT_TEAM = G2W9A8YDWD;
				INFOPLIST_FILE = TRShop/Environments/Info.plist;
				LD_RUNPATH_SEARCH_PATHS = (
					"$(inherited)",
					"@executable_path/Frameworks",
				);
				PRODUCT_BUNDLE_IDENTIFIER = com.nbsafin.TRShop;
				PRODUCT_NAME = "$(TARGET_NAME)";
				SWIFT_VERSION = 5.0;
				TARGETED_DEVICE_FAMILY = "1,2";
			};
			name = Release;
		};
		85E4F69D25D2990F0002F051 /* Debug */ = {
			isa = XCBuildConfiguration;
			buildSettings = {
				ALWAYS_EMBED_SWIFT_STANDARD_LIBRARIES = YES;
				BUNDLE_LOADER = "$(TEST_HOST)";
				CODE_SIGN_STYLE = Automatic;
				DEVELOPMENT_TEAM = G2W9A8YDWD;
				INFOPLIST_FILE = TRShopTests/Info.plist;
				IPHONEOS_DEPLOYMENT_TARGET = 14.4;
				LD_RUNPATH_SEARCH_PATHS = (
					"$(inherited)",
					"@executable_path/Frameworks",
					"@loader_path/Frameworks",
				);
				PRODUCT_BUNDLE_IDENTIFIER = com.nbsafin.TRShopTests;
				PRODUCT_NAME = "$(TARGET_NAME)";
				SWIFT_VERSION = 5.0;
				TARGETED_DEVICE_FAMILY = "1,2";
				TEST_HOST = "$(BUILT_PRODUCTS_DIR)/TRShop.app/TRShop";
			};
			name = Debug;
		};
		85E4F69E25D2990F0002F051 /* Release */ = {
			isa = XCBuildConfiguration;
			buildSettings = {
				ALWAYS_EMBED_SWIFT_STANDARD_LIBRARIES = YES;
				BUNDLE_LOADER = "$(TEST_HOST)";
				CODE_SIGN_STYLE = Automatic;
				DEVELOPMENT_TEAM = G2W9A8YDWD;
				INFOPLIST_FILE = TRShopTests/Info.plist;
				IPHONEOS_DEPLOYMENT_TARGET = 14.4;
				LD_RUNPATH_SEARCH_PATHS = (
					"$(inherited)",
					"@executable_path/Frameworks",
					"@loader_path/Frameworks",
				);
				PRODUCT_BUNDLE_IDENTIFIER = com.nbsafin.TRShopTests;
				PRODUCT_NAME = "$(TARGET_NAME)";
				SWIFT_VERSION = 5.0;
				TARGETED_DEVICE_FAMILY = "1,2";
				TEST_HOST = "$(BUILT_PRODUCTS_DIR)/TRShop.app/TRShop";
			};
			name = Release;
		};
		85E4F6A025D2990F0002F051 /* Debug */ = {
			isa = XCBuildConfiguration;
			buildSettings = {
				ALWAYS_EMBED_SWIFT_STANDARD_LIBRARIES = YES;
				CODE_SIGN_STYLE = Automatic;
				DEVELOPMENT_TEAM = G2W9A8YDWD;
				INFOPLIST_FILE = TRShopUITests/Info.plist;
				LD_RUNPATH_SEARCH_PATHS = (
					"$(inherited)",
					"@executable_path/Frameworks",
					"@loader_path/Frameworks",
				);
				PRODUCT_BUNDLE_IDENTIFIER = com.nbsafin.TRShopUITests;
				PRODUCT_NAME = "$(TARGET_NAME)";
				SWIFT_VERSION = 5.0;
				TARGETED_DEVICE_FAMILY = "1,2";
				TEST_TARGET_NAME = TRShop;
			};
			name = Debug;
		};
		85E4F6A125D2990F0002F051 /* Release */ = {
			isa = XCBuildConfiguration;
			buildSettings = {
				ALWAYS_EMBED_SWIFT_STANDARD_LIBRARIES = YES;
				CODE_SIGN_STYLE = Automatic;
				DEVELOPMENT_TEAM = G2W9A8YDWD;
				INFOPLIST_FILE = TRShopUITests/Info.plist;
				LD_RUNPATH_SEARCH_PATHS = (
					"$(inherited)",
					"@executable_path/Frameworks",
					"@loader_path/Frameworks",
				);
				PRODUCT_BUNDLE_IDENTIFIER = com.nbsafin.TRShopUITests;
				PRODUCT_NAME = "$(TARGET_NAME)";
				SWIFT_VERSION = 5.0;
				TARGETED_DEVICE_FAMILY = "1,2";
				TEST_TARGET_NAME = TRShop;
			};
			name = Release;
		};
/* End XCBuildConfiguration section */

/* Begin XCConfigurationList section */
		85E4F66A25D2990C0002F051 /* Build configuration list for PBXProject "TRShop" */ = {
			isa = XCConfigurationList;
			buildConfigurations = (
				85E4F69725D2990F0002F051 /* Debug */,
				85E4F69825D2990F0002F051 /* Release */,
			);
			defaultConfigurationIsVisible = 0;
			defaultConfigurationName = Release;
		};
		85E4F69925D2990F0002F051 /* Build configuration list for PBXNativeTarget "TRShop" */ = {
			isa = XCConfigurationList;
			buildConfigurations = (
				85E4F69A25D2990F0002F051 /* Debug */,
				85E4F69B25D2990F0002F051 /* Release */,
			);
			defaultConfigurationIsVisible = 0;
			defaultConfigurationName = Release;
		};
		85E4F69C25D2990F0002F051 /* Build configuration list for PBXNativeTarget "TRShopTests" */ = {
			isa = XCConfigurationList;
			buildConfigurations = (
				85E4F69D25D2990F0002F051 /* Debug */,
				85E4F69E25D2990F0002F051 /* Release */,
			);
			defaultConfigurationIsVisible = 0;
			defaultConfigurationName = Release;
		};
		85E4F69F25D2990F0002F051 /* Build configuration list for PBXNativeTarget "TRShopUITests" */ = {
			isa = XCConfigurationList;
			buildConfigurations = (
				85E4F6A025D2990F0002F051 /* Debug */,
				85E4F6A125D2990F0002F051 /* Release */,
			);
			defaultConfigurationIsVisible = 0;
			defaultConfigurationName = Release;
		};
/* End XCConfigurationList section */
	};
	rootObject = 85E4F66725D2990C0002F051 /* Project object */;
}
